
Microsoft Visual Studio Solution File, Format Version 12.00
# Visual Studio Version 16
VisualStudioVersion = 16.0.30503.244
MinimumVisualStudioVersion = 10.0.40219.1
Project("{8BC9CEB8-8B4A-11D0-8D11-00A0C91BC942}") = "Day1Part1", "Day1Part1\Day1Part1.vcxproj", "{38DB75FF-85BB-4F3B-916C-AB314FE4EE6C}"
EndProject
Project("{8BC9CEB8-8B4A-11D0-8D11-00A0C91BC942}") = "Day1Part2", "Day1Part2\Day1Part2.vcxproj", "{DF688DF0-5B70-4110-86ED-D6751570AA55}"
EndProject
Project("{8BC9CEB8-8B4A-11D0-8D11-00A0C91BC942}") = "Day2", "Day2\Day2.vcxproj", "{A0158F2A-8E4D-46AC-A850-9955DEFA594B}"
EndProject
Project("{8BC9CEB8-8B4A-11D0-8D11-00A0C91BC942}") = "Day3", "Day3\Day3.vcxproj", "{64A1135A-36AE-4C2A-8D8D-D55E6E6B08E3}"
EndProject
Project("{8BC9CEB8-8B4A-11D0-8D11-00A0C91BC942}") = "Day4", "Day4\Day4.vcxproj", "{9812CC46-723F-4790-8A93-1AF4D5C60DBA}"
EndProject
Project("{8BC9CEB8-8B4A-11D0-8D11-00A0C91BC942}") = "Day5", "Day5\Day5.vcxproj", "{9112473D-09BB-4995-8F01-E5B65BE3A982}"
EndProject
Project("{8BC9CEB8-8B4A-11D0-8D11-00A0C91BC942}") = "Day6", "Day6\Day6.vcxproj", "{6FC746B8-E219-44B0-8BF1-3EBCAAE0B3B1}"
EndProject
Project("{8BC9CEB8-8B4A-11D0-8D11-00A0C91BC942}") = "Utilities", "Utilities\Utilities.vcxproj", "{B65A9E38-C9F9-469B-B156-7A532A8147AB}"
EndProject
Project("{8BC9CEB8-8B4A-11D0-8D11-00A0C91BC942}") = "Day7", "Day7\Day7.vcxproj", "{8A2252F5-9060-4675-A6CE-9C3695AD9C10}"
EndProject
Project("{8BC9CEB8-8B4A-11D0-8D11-00A0C91BC942}") = "Day8", "Day8\Day8.vcxproj", "{A3AFAC00-22D9-4317-AE16-DA8A2C32D80C}"
EndProject
Project("{8BC9CEB8-8B4A-11D0-8D11-00A0C91BC942}") = "Day9", "Day9\Day9.vcxproj", "{66ED2680-589B-4A6E-AB43-00A46E20386A}"
EndProject
Project("{8BC9CEB8-8B4A-11D0-8D11-00A0C91BC942}") = "Day10", "Day10\Day10.vcxproj", "{94C1A908-32C5-4355-A981-74E362ACF32A}"
EndProject
Project("{8BC9CEB8-8B4A-11D0-8D11-00A0C91BC942}") = "Day11", "Day11\Day11.vcxproj", "{78DCC297-903F-4AA9-96DF-57AE2BE4F59B}"
EndProject
Project("{8BC9CEB8-8B4A-11D0-8D11-00A0C91BC942}") = "Day12", "Day12\Day12.vcxproj", "{5A710EC9-7515-4529-82BA-B724E4AE619C}"
EndProject
Project("{8BC9CEB8-8B4A-11D0-8D11-00A0C91BC942}") = "Day13", "Day13\Day13.vcxproj", "{FB25CB82-B785-44DE-9525-5A33FCFDBF34}"
EndProject
Project("{8BC9CEB8-8B4A-11D0-8D11-00A0C91BC942}") = "Day14", "Day14\Day14.vcxproj", "{51AB5464-9B7A-453D-BE32-B67A2A0F2603}"
EndProject
Project("{8BC9CEB8-8B4A-11D0-8D11-00A0C91BC942}") = "Day15", "Day15\Day15.vcxproj", "{A7DE0D2B-E017-4592-961F-5C6243007FEE}"
EndProject
Project("{8BC9CEB8-8B4A-11D0-8D11-00A0C91BC942}") = "Day16", "Day16\Day16.vcxproj", "{60FF4CFA-F24B-4AAE-AD79-4A604B412174}"
EndProject
Project("{8BC9CEB8-8B4A-11D0-8D11-00A0C91BC942}") = "Day17", "Day17\Day17.vcxproj", "{DFF65153-C7A9-450A-A7B5-4F57E0DCD513}"
EndProject
Project("{8BC9CEB8-8B4A-11D0-8D11-00A0C91BC942}") = "Day18", "Day18\Day18.vcxproj", "{17F123E2-731B-45C3-B078-F0419FE442D0}"
EndProject
Project("{8BC9CEB8-8B4A-11D0-8D11-00A0C91BC942}") = "Day19", "Day19\Day19.vcxproj", "{43B20ADD-EE35-41CE-ABE4-F25B8B8DDC66}"
EndProject
Project("{8BC9CEB8-8B4A-11D0-8D11-00A0C91BC942}") = "Day20", "Day20\Day20.vcxproj", "{EA006555-B667-494E-9E16-480A8138E88A}"
EndProject
Project("{8BC9CEB8-8B4A-11D0-8D11-00A0C91BC942}") = "Day21", "Day21\Day21.vcxproj", "{9BF8EB15-5CF2-4F01-9391-3EAC632A9AE3}"
EndProject
Project("{8BC9CEB8-8B4A-11D0-8D11-00A0C91BC942}") = "Day22", "Day22\Day22.vcxproj", "{98E96306-3AD3-4C37-9F47-36C2966DA574}"
EndProject
Project("{8BC9CEB8-8B4A-11D0-8D11-00A0C91BC942}") = "Day23", "Day23\Day23.vcxproj", "{B014B7A9-B967-426E-AB31-0AED31550FA0}"
EndProject
Project("{8BC9CEB8-8B4A-11D0-8D11-00A0C91BC942}") = "Day24", "Day24\Day24.vcxproj", "{4C995D38-816A-47A2-9D01-1C606321708B}"
EndProject
Global
	GlobalSection(SolutionConfigurationPlatforms) = preSolution
		Debug|x64 = Debug|x64
		Debug|x86 = Debug|x86
		Release|x64 = Release|x64
		Release|x86 = Release|x86
	EndGlobalSection
	GlobalSection(ProjectConfigurationPlatforms) = postSolution
		{38DB75FF-85BB-4F3B-916C-AB314FE4EE6C}.Debug|x64.ActiveCfg = Debug|x64
		{38DB75FF-85BB-4F3B-916C-AB314FE4EE6C}.Debug|x64.Build.0 = Debug|x64
		{38DB75FF-85BB-4F3B-916C-AB314FE4EE6C}.Debug|x86.ActiveCfg = Debug|Win32
		{38DB75FF-85BB-4F3B-916C-AB314FE4EE6C}.Debug|x86.Build.0 = Debug|Win32
		{38DB75FF-85BB-4F3B-916C-AB314FE4EE6C}.Release|x64.ActiveCfg = Release|x64
		{38DB75FF-85BB-4F3B-916C-AB314FE4EE6C}.Release|x64.Build.0 = Release|x64
		{38DB75FF-85BB-4F3B-916C-AB314FE4EE6C}.Release|x86.ActiveCfg = Release|Win32
		{38DB75FF-85BB-4F3B-916C-AB314FE4EE6C}.Release|x86.Build.0 = Release|Win32
		{DF688DF0-5B70-4110-86ED-D6751570AA55}.Debug|x64.ActiveCfg = Debug|x64
		{DF688DF0-5B70-4110-86ED-D6751570AA55}.Debug|x64.Build.0 = Debug|x64
		{DF688DF0-5B70-4110-86ED-D6751570AA55}.Debug|x86.ActiveCfg = Debug|Win32
		{DF688DF0-5B70-4110-86ED-D6751570AA55}.Debug|x86.Build.0 = Debug|Win32
		{DF688DF0-5B70-4110-86ED-D6751570AA55}.Release|x64.ActiveCfg = Release|x64
		{DF688DF0-5B70-4110-86ED-D6751570AA55}.Release|x64.Build.0 = Release|x64
		{DF688DF0-5B70-4110-86ED-D6751570AA55}.Release|x86.ActiveCfg = Release|Win32
		{DF688DF0-5B70-4110-86ED-D6751570AA55}.Release|x86.Build.0 = Release|Win32
		{A0158F2A-8E4D-46AC-A850-9955DEFA594B}.Debug|x64.ActiveCfg = Debug|x64
		{A0158F2A-8E4D-46AC-A850-9955DEFA594B}.Debug|x64.Build.0 = Debug|x64
		{A0158F2A-8E4D-46AC-A850-9955DEFA594B}.Debug|x86.ActiveCfg = Debug|Win32
		{A0158F2A-8E4D-46AC-A850-9955DEFA594B}.Debug|x86.Build.0 = Debug|Win32
		{A0158F2A-8E4D-46AC-A850-9955DEFA594B}.Release|x64.ActiveCfg = Release|x64
		{A0158F2A-8E4D-46AC-A850-9955DEFA594B}.Release|x64.Build.0 = Release|x64
		{A0158F2A-8E4D-46AC-A850-9955DEFA594B}.Release|x86.ActiveCfg = Release|Win32
		{A0158F2A-8E4D-46AC-A850-9955DEFA594B}.Release|x86.Build.0 = Release|Win32
		{64A1135A-36AE-4C2A-8D8D-D55E6E6B08E3}.Debug|x64.ActiveCfg = Debug|x64
		{64A1135A-36AE-4C2A-8D8D-D55E6E6B08E3}.Debug|x64.Build.0 = Debug|x64
		{64A1135A-36AE-4C2A-8D8D-D55E6E6B08E3}.Debug|x86.ActiveCfg = Debug|Win32
		{64A1135A-36AE-4C2A-8D8D-D55E6E6B08E3}.Debug|x86.Build.0 = Debug|Win32
		{64A1135A-36AE-4C2A-8D8D-D55E6E6B08E3}.Release|x64.ActiveCfg = Release|x64
		{64A1135A-36AE-4C2A-8D8D-D55E6E6B08E3}.Release|x64.Build.0 = Release|x64
		{64A1135A-36AE-4C2A-8D8D-D55E6E6B08E3}.Release|x86.ActiveCfg = Release|Win32
		{64A1135A-36AE-4C2A-8D8D-D55E6E6B08E3}.Release|x86.Build.0 = Release|Win32
		{9812CC46-723F-4790-8A93-1AF4D5C60DBA}.Debug|x64.ActiveCfg = Debug|x64
		{9812CC46-723F-4790-8A93-1AF4D5C60DBA}.Debug|x64.Build.0 = Debug|x64
		{9812CC46-723F-4790-8A93-1AF4D5C60DBA}.Debug|x86.ActiveCfg = Debug|Win32
		{9812CC46-723F-4790-8A93-1AF4D5C60DBA}.Debug|x86.Build.0 = Debug|Win32
		{9812CC46-723F-4790-8A93-1AF4D5C60DBA}.Release|x64.ActiveCfg = Release|x64
		{9812CC46-723F-4790-8A93-1AF4D5C60DBA}.Release|x64.Build.0 = Release|x64
		{9812CC46-723F-4790-8A93-1AF4D5C60DBA}.Release|x86.ActiveCfg = Release|Win32
		{9812CC46-723F-4790-8A93-1AF4D5C60DBA}.Release|x86.Build.0 = Release|Win32
		{9112473D-09BB-4995-8F01-E5B65BE3A982}.Debug|x64.ActiveCfg = Debug|x64
		{9112473D-09BB-4995-8F01-E5B65BE3A982}.Debug|x64.Build.0 = Debug|x64
		{9112473D-09BB-4995-8F01-E5B65BE3A982}.Debug|x86.ActiveCfg = Debug|Win32
		{9112473D-09BB-4995-8F01-E5B65BE3A982}.Debug|x86.Build.0 = Debug|Win32
		{9112473D-09BB-4995-8F01-E5B65BE3A982}.Release|x64.ActiveCfg = Release|x64
		{9112473D-09BB-4995-8F01-E5B65BE3A982}.Release|x64.Build.0 = Release|x64
		{9112473D-09BB-4995-8F01-E5B65BE3A982}.Release|x86.ActiveCfg = Release|Win32
		{9112473D-09BB-4995-8F01-E5B65BE3A982}.Release|x86.Build.0 = Release|Win32
		{6FC746B8-E219-44B0-8BF1-3EBCAAE0B3B1}.Debug|x64.ActiveCfg = Debug|x64
		{6FC746B8-E219-44B0-8BF1-3EBCAAE0B3B1}.Debug|x64.Build.0 = Debug|x64
		{6FC746B8-E219-44B0-8BF1-3EBCAAE0B3B1}.Debug|x86.ActiveCfg = Debug|Win32
		{6FC746B8-E219-44B0-8BF1-3EBCAAE0B3B1}.Debug|x86.Build.0 = Debug|Win32
		{6FC746B8-E219-44B0-8BF1-3EBCAAE0B3B1}.Release|x64.ActiveCfg = Release|x64
		{6FC746B8-E219-44B0-8BF1-3EBCAAE0B3B1}.Release|x64.Build.0 = Release|x64
		{6FC746B8-E219-44B0-8BF1-3EBCAAE0B3B1}.Release|x86.ActiveCfg = Release|Win32
		{6FC746B8-E219-44B0-8BF1-3EBCAAE0B3B1}.Release|x86.Build.0 = Release|Win32
		{B65A9E38-C9F9-469B-B156-7A532A8147AB}.Debug|x64.ActiveCfg = Debug|x64
		{B65A9E38-C9F9-469B-B156-7A532A8147AB}.Debug|x64.Build.0 = Debug|x64
		{B65A9E38-C9F9-469B-B156-7A532A8147AB}.Debug|x86.ActiveCfg = Debug|Win32
		{B65A9E38-C9F9-469B-B156-7A532A8147AB}.Debug|x86.Build.0 = Debug|Win32
		{B65A9E38-C9F9-469B-B156-7A532A8147AB}.Release|x64.ActiveCfg = Release|x64
		{B65A9E38-C9F9-469B-B156-7A532A8147AB}.Release|x64.Build.0 = Release|x64
		{B65A9E38-C9F9-469B-B156-7A532A8147AB}.Release|x86.ActiveCfg = Release|Win32
		{B65A9E38-C9F9-469B-B156-7A532A8147AB}.Release|x86.Build.0 = Release|Win32
		{8A2252F5-9060-4675-A6CE-9C3695AD9C10}.Debug|x64.ActiveCfg = Debug|x64
		{8A2252F5-9060-4675-A6CE-9C3695AD9C10}.Debug|x64.Build.0 = Debug|x64
		{8A2252F5-9060-4675-A6CE-9C3695AD9C10}.Debug|x86.ActiveCfg = Debug|Win32
		{8A2252F5-9060-4675-A6CE-9C3695AD9C10}.Debug|x86.Build.0 = Debug|Win32
		{8A2252F5-9060-4675-A6CE-9C3695AD9C10}.Release|x64.ActiveCfg = Release|x64
		{8A2252F5-9060-4675-A6CE-9C3695AD9C10}.Release|x64.Build.0 = Release|x64
		{8A2252F5-9060-4675-A6CE-9C3695AD9C10}.Release|x86.ActiveCfg = Release|Win32
		{8A2252F5-9060-4675-A6CE-9C3695AD9C10}.Release|x86.Build.0 = Release|Win32
		{A3AFAC00-22D9-4317-AE16-DA8A2C32D80C}.Debug|x64.ActiveCfg = Debug|x64
		{A3AFAC00-22D9-4317-AE16-DA8A2C32D80C}.Debug|x64.Build.0 = Debug|x64
		{A3AFAC00-22D9-4317-AE16-DA8A2C32D80C}.Debug|x86.ActiveCfg = Debug|Win32
		{A3AFAC00-22D9-4317-AE16-DA8A2C32D80C}.Debug|x86.Build.0 = Debug|Win32
		{A3AFAC00-22D9-4317-AE16-DA8A2C32D80C}.Release|x64.ActiveCfg = Release|x64
		{A3AFAC00-22D9-4317-AE16-DA8A2C32D80C}.Release|x64.Build.0 = Release|x64
		{A3AFAC00-22D9-4317-AE16-DA8A2C32D80C}.Release|x86.ActiveCfg = Release|Win32
		{A3AFAC00-22D9-4317-AE16-DA8A2C32D80C}.Release|x86.Build.0 = Release|Win32
		{66ED2680-589B-4A6E-AB43-00A46E20386A}.Debug|x64.ActiveCfg = Debug|x64
		{66ED2680-589B-4A6E-AB43-00A46E20386A}.Debug|x64.Build.0 = Debug|x64
		{66ED2680-589B-4A6E-AB43-00A46E20386A}.Debug|x86.ActiveCfg = Debug|Win32
		{66ED2680-589B-4A6E-AB43-00A46E20386A}.Debug|x86.Build.0 = Debug|Win32
		{66ED2680-589B-4A6E-AB43-00A46E20386A}.Release|x64.ActiveCfg = Release|x64
		{66ED2680-589B-4A6E-AB43-00A46E20386A}.Release|x64.Build.0 = Release|x64
		{66ED2680-589B-4A6E-AB43-00A46E20386A}.Release|x86.ActiveCfg = Release|Win32
		{66ED2680-589B-4A6E-AB43-00A46E20386A}.Release|x86.Build.0 = Release|Win32
		{94C1A908-32C5-4355-A981-74E362ACF32A}.Debug|x64.ActiveCfg = Debug|x64
		{94C1A908-32C5-4355-A981-74E362ACF32A}.Debug|x64.Build.0 = Debug|x64
		{94C1A908-32C5-4355-A981-74E362ACF32A}.Debug|x86.ActiveCfg = Debug|Win32
		{94C1A908-32C5-4355-A981-74E362ACF32A}.Debug|x86.Build.0 = Debug|Win32
		{94C1A908-32C5-4355-A981-74E362ACF32A}.Release|x64.ActiveCfg = Release|x64
		{94C1A908-32C5-4355-A981-74E362ACF32A}.Release|x64.Build.0 = Release|x64
		{94C1A908-32C5-4355-A981-74E362ACF32A}.Release|x86.ActiveCfg = Release|Win32
		{94C1A908-32C5-4355-A981-74E362ACF32A}.Release|x86.Build.0 = Release|Win32
		{78DCC297-903F-4AA9-96DF-57AE2BE4F59B}.Debug|x64.ActiveCfg = Debug|x64
		{78DCC297-903F-4AA9-96DF-57AE2BE4F59B}.Debug|x64.Build.0 = Debug|x64
		{78DCC297-903F-4AA9-96DF-57AE2BE4F59B}.Debug|x86.ActiveCfg = Debug|Win32
		{78DCC297-903F-4AA9-96DF-57AE2BE4F59B}.Debug|x86.Build.0 = Debug|Win32
		{78DCC297-903F-4AA9-96DF-57AE2BE4F59B}.Release|x64.ActiveCfg = Release|x64
		{78DCC297-903F-4AA9-96DF-57AE2BE4F59B}.Release|x64.Build.0 = Release|x64
		{78DCC297-903F-4AA9-96DF-57AE2BE4F59B}.Release|x86.ActiveCfg = Release|Win32
		{78DCC297-903F-4AA9-96DF-57AE2BE4F59B}.Release|x86.Build.0 = Release|Win32
		{5A710EC9-7515-4529-82BA-B724E4AE619C}.Debug|x64.ActiveCfg = Debug|x64
		{5A710EC9-7515-4529-82BA-B724E4AE619C}.Debug|x64.Build.0 = Debug|x64
		{5A710EC9-7515-4529-82BA-B724E4AE619C}.Debug|x86.ActiveCfg = Debug|Win32
		{5A710EC9-7515-4529-82BA-B724E4AE619C}.Debug|x86.Build.0 = Debug|Win32
		{5A710EC9-7515-4529-82BA-B724E4AE619C}.Release|x64.ActiveCfg = Release|x64
		{5A710EC9-7515-4529-82BA-B724E4AE619C}.Release|x64.Build.0 = Release|x64
		{5A710EC9-7515-4529-82BA-B724E4AE619C}.Release|x86.ActiveCfg = Release|Win32
		{5A710EC9-7515-4529-82BA-B724E4AE619C}.Release|x86.Build.0 = Release|Win32
		{FB25CB82-B785-44DE-9525-5A33FCFDBF34}.Debug|x64.ActiveCfg = Debug|x64
		{FB25CB82-B785-44DE-9525-5A33FCFDBF34}.Debug|x64.Build.0 = Debug|x64
		{FB25CB82-B785-44DE-9525-5A33FCFDBF34}.Debug|x86.ActiveCfg = Debug|Win32
		{FB25CB82-B785-44DE-9525-5A33FCFDBF34}.Debug|x86.Build.0 = Debug|Win32
		{FB25CB82-B785-44DE-9525-5A33FCFDBF34}.Release|x64.ActiveCfg = Release|x64
		{FB25CB82-B785-44DE-9525-5A33FCFDBF34}.Release|x64.Build.0 = Release|x64
		{FB25CB82-B785-44DE-9525-5A33FCFDBF34}.Release|x86.ActiveCfg = Release|Win32
		{FB25CB82-B785-44DE-9525-5A33FCFDBF34}.Release|x86.Build.0 = Release|Win32
		{51AB5464-9B7A-453D-BE32-B67A2A0F2603}.Debug|x64.ActiveCfg = Debug|x64
		{51AB5464-9B7A-453D-BE32-B67A2A0F2603}.Debug|x64.Build.0 = Debug|x64
		{51AB5464-9B7A-453D-BE32-B67A2A0F2603}.Debug|x86.ActiveCfg = Debug|Win32
		{51AB5464-9B7A-453D-BE32-B67A2A0F2603}.Debug|x86.Build.0 = Debug|Win32
		{51AB5464-9B7A-453D-BE32-B67A2A0F2603}.Release|x64.ActiveCfg = Release|x64
		{51AB5464-9B7A-453D-BE32-B67A2A0F2603}.Release|x64.Build.0 = Release|x64
		{51AB5464-9B7A-453D-BE32-B67A2A0F2603}.Release|x86.ActiveCfg = Release|Win32
		{51AB5464-9B7A-453D-BE32-B67A2A0F2603}.Release|x86.Build.0 = Release|Win32
		{A7DE0D2B-E017-4592-961F-5C6243007FEE}.Debug|x64.ActiveCfg = Debug|x64
		{A7DE0D2B-E017-4592-961F-5C6243007FEE}.Debug|x64.Build.0 = Debug|x64
		{A7DE0D2B-E017-4592-961F-5C6243007FEE}.Debug|x86.ActiveCfg = Debug|Win32
		{A7DE0D2B-E017-4592-961F-5C6243007FEE}.Debug|x86.Build.0 = Debug|Win32
		{A7DE0D2B-E017-4592-961F-5C6243007FEE}.Release|x64.ActiveCfg = Release|x64
		{A7DE0D2B-E017-4592-961F-5C6243007FEE}.Release|x64.Build.0 = Release|x64
		{A7DE0D2B-E017-4592-961F-5C6243007FEE}.Release|x86.ActiveCfg = Release|Win32
		{A7DE0D2B-E017-4592-961F-5C6243007FEE}.Release|x86.Build.0 = Release|Win32
		{60FF4CFA-F24B-4AAE-AD79-4A604B412174}.Debug|x64.ActiveCfg = Debug|x64
		{60FF4CFA-F24B-4AAE-AD79-4A604B412174}.Debug|x64.Build.0 = Debug|x64
		{60FF4CFA-F24B-4AAE-AD79-4A604B412174}.Debug|x86.ActiveCfg = Debug|Win32
		{60FF4CFA-F24B-4AAE-AD79-4A604B412174}.Debug|x86.Build.0 = Debug|Win32
		{60FF4CFA-F24B-4AAE-AD79-4A604B412174}.Release|x64.ActiveCfg = Release|x64
		{60FF4CFA-F24B-4AAE-AD79-4A604B412174}.Release|x64.Build.0 = Release|x64
		{60FF4CFA-F24B-4AAE-AD79-4A604B412174}.Release|x86.ActiveCfg = Release|Win32
		{60FF4CFA-F24B-4AAE-AD79-4A604B412174}.Release|x86.Build.0 = Release|Win32
		{DFF65153-C7A9-450A-A7B5-4F57E0DCD513}.Debug|x64.ActiveCfg = Debug|x64
		{DFF65153-C7A9-450A-A7B5-4F57E0DCD513}.Debug|x64.Build.0 = Debug|x64
		{DFF65153-C7A9-450A-A7B5-4F57E0DCD513}.Debug|x86.ActiveCfg = Debug|Win32
		{DFF65153-C7A9-450A-A7B5-4F57E0DCD513}.Debug|x86.Build.0 = Debug|Win32
		{DFF65153-C7A9-450A-A7B5-4F57E0DCD513}.Release|x64.ActiveCfg = Release|x64
		{DFF65153-C7A9-450A-A7B5-4F57E0DCD513}.Release|x64.Build.0 = Release|x64
		{DFF65153-C7A9-450A-A7B5-4F57E0DCD513}.Release|x86.ActiveCfg = Release|Win32
		{DFF65153-C7A9-450A-A7B5-4F57E0DCD513}.Release|x86.Build.0 = Release|Win32
		{17F123E2-731B-45C3-B078-F0419FE442D0}.Debug|x64.ActiveCfg = Debug|x64
		{17F123E2-731B-45C3-B078-F0419FE442D0}.Debug|x64.Build.0 = Debug|x64
		{17F123E2-731B-45C3-B078-F0419FE442D0}.Debug|x86.ActiveCfg = Debug|Win32
		{17F123E2-731B-45C3-B078-F0419FE442D0}.Debug|x86.Build.0 = Debug|Win32
		{17F123E2-731B-45C3-B078-F0419FE442D0}.Release|x64.ActiveCfg = Release|x64
		{17F123E2-731B-45C3-B078-F0419FE442D0}.Release|x64.Build.0 = Release|x64
		{17F123E2-731B-45C3-B078-F0419FE442D0}.Release|x86.ActiveCfg = Release|Win32
		{17F123E2-731B-45C3-B078-F0419FE442D0}.Release|x86.Build.0 = Release|Win32
		{43B20ADD-EE35-41CE-ABE4-F25B8B8DDC66}.Debug|x64.ActiveCfg = Debug|x64
		{43B20ADD-EE35-41CE-ABE4-F25B8B8DDC66}.Debug|x64.Build.0 = Debug|x64
		{43B20ADD-EE35-41CE-ABE4-F25B8B8DDC66}.Debug|x86.ActiveCfg = Debug|Win32
		{43B20ADD-EE35-41CE-ABE4-F25B8B8DDC66}.Debug|x86.Build.0 = Debug|Win32
		{43B20ADD-EE35-41CE-ABE4-F25B8B8DDC66}.Release|x64.ActiveCfg = Release|x64
		{43B20ADD-EE35-41CE-ABE4-F25B8B8DDC66}.Release|x64.Build.0 = Release|x64
		{43B20ADD-EE35-41CE-ABE4-F25B8B8DDC66}.Release|x86.ActiveCfg = Release|Win32
		{43B20ADD-EE35-41CE-ABE4-F25B8B8DDC66}.Release|x86.Build.0 = Release|Win32
		{EA006555-B667-494E-9E16-480A8138E88A}.Debug|x64.ActiveCfg = Debug|x64
		{EA006555-B667-494E-9E16-480A8138E88A}.Debug|x64.Build.0 = Debug|x64
		{EA006555-B667-494E-9E16-480A8138E88A}.Debug|x86.ActiveCfg = Debug|Win32
		{EA006555-B667-494E-9E16-480A8138E88A}.Debug|x86.Build.0 = Debug|Win32
		{EA006555-B667-494E-9E16-480A8138E88A}.Release|x64.ActiveCfg = Release|x64
		{EA006555-B667-494E-9E16-480A8138E88A}.Release|x64.Build.0 = Release|x64
		{EA006555-B667-494E-9E16-480A8138E88A}.Release|x86.ActiveCfg = Release|Win32
		{EA006555-B667-494E-9E16-480A8138E88A}.Release|x86.Build.0 = Release|Win32
		{9BF8EB15-5CF2-4F01-9391-3EAC632A9AE3}.Debug|x64.ActiveCfg = Debug|x64
		{9BF8EB15-5CF2-4F01-9391-3EAC632A9AE3}.Debug|x64.Build.0 = Debug|x64
		{9BF8EB15-5CF2-4F01-9391-3EAC632A9AE3}.Debug|x86.ActiveCfg = Debug|Win32
		{9BF8EB15-5CF2-4F01-9391-3EAC632A9AE3}.Debug|x86.Build.0 = Debug|Win32
		{9BF8EB15-5CF2-4F01-9391-3EAC632A9AE3}.Release|x64.ActiveCfg = Release|x64
		{9BF8EB15-5CF2-4F01-9391-3EAC632A9AE3}.Release|x64.Build.0 = Release|x64
		{9BF8EB15-5CF2-4F01-9391-3EAC632A9AE3}.Release|x86.ActiveCfg = Release|Win32
		{9BF8EB15-5CF2-4F01-9391-3EAC632A9AE3}.Release|x86.Build.0 = Release|Win32
		{98E96306-3AD3-4C37-9F47-36C2966DA574}.Debug|x64.ActiveCfg = Debug|x64
		{98E96306-3AD3-4C37-9F47-36C2966DA574}.Debug|x64.Build.0 = Debug|x64
		{98E96306-3AD3-4C37-9F47-36C2966DA574}.Debug|x86.ActiveCfg = Debug|Win32
		{98E96306-3AD3-4C37-9F47-36C2966DA574}.Debug|x86.Build.0 = Debug|Win32
		{98E96306-3AD3-4C37-9F47-36C2966DA574}.Release|x64.ActiveCfg = Release|x64
		{98E96306-3AD3-4C37-9F47-36C2966DA574}.Release|x64.Build.0 = Release|x64
		{98E96306-3AD3-4C37-9F47-36C2966DA574}.Release|x86.ActiveCfg = Release|Win32
		{98E96306-3AD3-4C37-9F47-36C2966DA574}.Release|x86.Build.0 = Release|Win32
		{B014B7A9-B967-426E-AB31-0AED31550FA0}.Debug|x64.ActiveCfg = Debug|x64
		{B014B7A9-B967-426E-AB31-0AED31550FA0}.Debug|x64.Build.0 = Debug|x64
		{B014B7A9-B967-426E-AB31-0AED31550FA0}.Debug|x86.ActiveCfg = Debug|Win32
		{B014B7A9-B967-426E-AB31-0AED31550FA0}.Debug|x86.Build.0 = Debug|Win32
		{B014B7A9-B967-426E-AB31-0AED31550FA0}.Release|x64.ActiveCfg = Release|x64
		{B014B7A9-B967-426E-AB31-0AED31550FA0}.Release|x64.Build.0 = Release|x64
		{B014B7A9-B967-426E-AB31-0AED31550FA0}.Release|x86.ActiveCfg = Release|Win32
		{B014B7A9-B967-426E-AB31-0AED31550FA0}.Release|x86.Build.0 = Release|Win32
		{4C995D38-816A-47A2-9D01-1C606321708B}.Debug|x64.ActiveCfg = Debug|x64
		{4C995D38-816A-47A2-9D01-1C606321708B}.Debug|x64.Build.0 = Debug|x64
		{4C995D38-816A-47A2-9D01-1C606321708B}.Debug|x86.ActiveCfg = Debug|Win32
		{4C995D38-816A-47A2-9D01-1C606321708B}.Debug|x86.Build.0 = Debug|Win32
		{4C995D38-816A-47A2-9D01-1C606321708B}.Release|x64.ActiveCfg = Release|x64
		{4C995D38-816A-47A2-9D01-1C606321708B}.Release|x64.Build.0 = Release|x64
		{4C995D38-816A-47A2-9D01-1C606321708B}.Release|x86.ActiveCfg = Release|Win32
		{4C995D38-816A-47A2-9D01-1C606321708B}.Release|x86.Build.0 = Release|Win32
	EndGlobalSection
	GlobalSection(SolutionProperties) = preSolution
		HideSolutionNode = FALSE
	EndGlobalSection
	GlobalSection(ExtensibilityGlobals) = postSolution
		SolutionGuid = {EBE7B1FE-7E17-4869-80E7-64A62B55A8AE}
	EndGlobalSection
EndGlobal
